{
    "_readme": [
        "This file locks the dependencies of your project to a known state",
        "Read more about it at https://getcomposer.org/doc/01-basic-usage.md#installing-dependencies",
        "This file is @generated automatically"
    ],
    "content-hash": "809941579852c459183ac97a731d00a1",
    "packages": [
        {
            "name": "zendframework/zend-i18n",
            "version": "2.10.1",
            "source": {
                "type": "git",
                "url": "https://github.com/zendframework/zend-i18n.git",
                "reference": "84038e6a1838b611dcc491b1c40321fa4c3a123c"
            },
            "dist": {
                "type": "zip",
                "url": "https://api.github.com/repos/zendframework/zend-i18n/zipball/84038e6a1838b611dcc491b1c40321fa4c3a123c",
                "reference": "84038e6a1838b611dcc491b1c40321fa4c3a123c",
                "shasum": ""
            },
            "require": {
                "ext-intl": "*",
                "php": "^5.6 || ^7.0",
                "zendframework/zend-stdlib": "^2.7 || ^3.0"
            },
            "conflict": {
                "phpspec/prophecy": "<1.9.0"
            },
            "require-dev": {
                "phpunit/phpunit": "^5.7.27 || ^6.5.14 || ^7.5.16",
                "zendframework/zend-cache": "^2.6.1",
                "zendframework/zend-coding-standard": "~1.0.0",
                "zendframework/zend-config": "^2.6",
                "zendframework/zend-eventmanager": "^2.6.2 || ^3.0",
                "zendframework/zend-filter": "^2.6.1",
                "zendframework/zend-servicemanager": "^2.7.5 || ^3.0.3",
                "zendframework/zend-validator": "^2.6",
                "zendframework/zend-view": "^2.6.3"
            },
            "suggest": {
                "zendframework/zend-cache": "Zend\\Cache component",
                "zendframework/zend-config": "Zend\\Config component",
                "zendframework/zend-eventmanager": "You should install this package to use the events in the translator",
                "zendframework/zend-filter": "You should install this package to use the provided filters",
                "zendframework/zend-i18n-resources": "Translation resources",
                "zendframework/zend-servicemanager": "Zend\\ServiceManager component",
                "zendframework/zend-validator": "You should install this package to use the provided validators",
                "zendframework/zend-view": "You should install this package to use the provided view helpers"
            },
            "type": "library",
            "extra": {
                "branch-alias": {
                    "dev-master": "2.10.x-dev",
                    "dev-develop": "2.11.x-dev"
                },
                "zf": {
                    "component": "Zend\\I18n",
                    "config-provider": "Zend\\I18n\\ConfigProvider"
                }
            },
            "autoload": {
                "psr-4": {
                    "Zend\\I18n\\": "src/"
                }
            },
            "notification-url": "https://packagist.org/downloads/",
            "license": [
                "BSD-3-Clause"
            ],
            "description": "Provide translations for your application, and filter and validate internationalized values",
            "keywords": [
                "ZendFramework",
                "i18n",
                "zf"
            ],
            "time": "2019-12-12T14:08:22+00:00"
        },
        {
            "name": "zendframework/zend-stdlib",
            "version": "3.2.1",
            "source": {
                "type": "git",
                "url": "https://github.com/zendframework/zend-stdlib.git",
                "reference": "66536006722aff9e62d1b331025089b7ec71c065"
            },
            "dist": {
                "type": "zip",
                "url": "https://api.github.com/repos/zendframework/zend-stdlib/zipball/66536006722aff9e62d1b331025089b7ec71c065",
                "reference": "66536006722aff9e62d1b331025089b7ec71c065",
                "shasum": ""
            },
            "require": {
                "php": "^5.6 || ^7.0"
            },
            "require-dev": {
                "phpbench/phpbench": "^0.13",
                "phpunit/phpunit": "^5.7.27 || ^6.5.8 || ^7.1.2",
                "zendframework/zend-coding-standard": "~1.0.0"
            },
            "type": "library",
            "extra": {
                "branch-alias": {
                    "dev-master": "3.2.x-dev",
                    "dev-develop": "3.3.x-dev"
                }
            },
            "autoload": {
                "psr-4": {
                    "Zend\\Stdlib\\": "src/"
                }
            },
            "notification-url": "https://packagist.org/downloads/",
            "license": [
                "BSD-3-Clause"
            ],
            "description": "SPL extensions, array utilities, error handlers, and more",
            "keywords": [
                "ZendFramework",
                "stdlib",
                "zf"
            ],
            "time": "2018-08-28T21:34:05+00:00"
        }
    ],
    "packages-dev": [],
    "aliases": [],
    "minimum-stability": "stable",
    "stability-flags": [],
    "prefer-stable": false,
    "prefer-lowest": false,
    "platform": {
        "php": "^7.0"
    },
    "platform-dev": []
}
